github.com/glacjay/goini v0.0.0-20161120062552-fd3024d87ee2 h1:+SEORW3KptcFnlhTbn7N0drG3AFnrcmBDWDyQ3Bt06o=
github.com/glacjay/goini v0.0.0-20161120062552-fd3024d87ee2/go.mod h1:1vW2LGZb8uLSqmYBOdxvhiwATuLtmyUTMezM3cHrIHQ=
github.com/go-sql-driver/mysql v1.5.0 h1:ozyZYNQW3x3HtqT1jira07DN2PArx2v7/mN66gGcHOs=
github.com/go-sql-driver/mysql v1.5.0/go.mod h1:DCzpHaOWr8IXmIStZouvnhqoel9Qv2LBy8hT2VhHyBg=
github.com/gorilla/mux v1.8.0 h1:i40aqfkR1h2SlN9hojwV5ZA91wcXFOvkdNIeFDP5koI=
github.com/gorilla/mux v1.8.0/go.mod h1:DVbg23sWSpFRCP0SfiEN6jmj59UnW/n46BH5rLB71So=
github.com/jmoiron/sqlx v1.3.4 h1:wv+0IJZfL5z0uZoUjlpKgHkgaFSYD+r9CfrXjEXsO7w=
github.com/jmoiron/sqlx v1.3.4/go.mod h1:2BljVx/86SuTyjE+aPYlHCTNvZrnJXghYGpNiXLBMCQ=
github.com/kelseyhightower/envconfig v1.4.0 h1:Im6hONhd3pLkfDFsbRgu68RDNkGF1r3dvMUtDTo2cv8=
github.com/kelseyhightower/envconfig v1.4.0/go.mod h1:cccZRl6mQpaq41TPp5QxidR+Sa3axMbJDNb//FQX6Gg=
github.com/lib/pq v1.2.0/go.mod h1:5WUZQaWbwv1U+lTReE5YruASi9Al49XbQIvNi/34Woo=
github.com/lib/pq v1.8.0 h1:9xohqzkUwzR4Ga4ivdTcawVS89YSDVxXMa3xJX3cGzg=
github.com/lib/pq v1.8.0/go.mod h1:AlVN5x4E4T544tWzH6hKfbfQvm3HdbOxrmggDNAPY9o=
github.com/mattn/go-sqlite3 v1.14.6/go.mod h1:NyWgC/yNuGj7Q9rpYnZvas74GogHl5/Z4A/KQRfk6bU=
github.com/mattn/go-sqlite3 v1.14.8 h1:gDp86IdQsN/xWjIEmr9MF6o9mpksUgh0fu+9ByFxzIU=
github.com/mattn/go-sqlite3 v1.14.8/go.mod h1:NyWgC/yNuGj7Q9rpYnZvas74GogHl5/Z4A/KQRfk6bU=
github.com/rakyll/globalconf v0.0.0-20180912185831-87f8127c421f h1:mVzXRrAR2ipnx3pWDsbWz9Y7+EC+I96EBellUayAyBU=
github.com/rakyll/globalconf v0.0.0-20180912185831-87f8127c421f/go.mod h1:lvWGGAzNhA3ux6f0tkwQ94lLT69Nj/wTRg9781V7M3M=
